
Microsoft Visual Studio Solution File, Format Version 12.00
# Visual Studio Version 17
VisualStudioVersion = 17.14.36623.8 d17.14
MinimumVisualStudioVersion = 10.0.40219.1
Project("{FAE04EC0-301F-11D3-BF4B-00C04F79EFBC}") = "StoreApi", "StoreApi\StoreApi.csproj", "{0CED4C2D-6234-4F79-82F2-E3EE8D73B82A}"
EndProject
Global
	GlobalSection(SolutionConfigurationPlatforms) = preSolution
		Debug|Any CPU = Debug|Any CPU
		Release|Any CPU = Release|Any CPU
	EndGlobalSection
	GlobalSection(ProjectConfigurationPlatforms) = postSolution
		{0CED4C2D-6234-4F79-82F2-E3EE8D73B82A}.Debug|Any CPU.ActiveCfg = Debug|Any CPU
		{0CED4C2D-6234-4F79-82F2-E3EE8D73B82A}.Debug|Any CPU.Build.0 = Debug|Any CPU
		{0CED4C2D-6234-4F79-82F2-E3EE8D73B82A}.Release|Any CPU.ActiveCfg = Release|Any CPU
		{0CED4C2D-6234-4F79-82F2-E3EE8D73B82A}.Release|Any CPU.Build.0 = Release|Any CPU
	EndGlobalSection
	GlobalSection(SolutionProperties) = preSolution
		HideSolutionNode = FALSE
	EndGlobalSection
	GlobalSection(ExtensibilityGlobals) = postSolution
		SolutionGuid = {77972D54-7463-4943-A405-96BAF2BCDB71}
	EndGlobalSection
EndGlobal
